
Microsoft Visual Studio Solution File, Format Version 12.00
# Visual Studio Version 17
VisualStudioVersion = 17.5.002.0
MinimumVisualStudioVersion = 10.0.40219.1
Project("{9A19103F-16F7-4668-BE54-9A1E7A4F7556}") = "WeatherSimulator", "WeatherSimulator.csproj", "{508621FF-87AC-419E-9A3C-7B4EBB9E7F23}"
EndProject
Global
	GlobalSection(SolutionConfigurationPlatforms) = preSolution
		Debug|Any CPU = Debug|Any CPU
		Release|Any CPU = Release|Any CPU
	EndGlobalSection
	GlobalSection(ProjectConfigurationPlatforms) = postSolution
		{508621FF-87AC-419E-9A3C-7B4EBB9E7F23}.Debug|Any CPU.ActiveCfg = Debug|Any CPU
		{508621FF-87AC-419E-9A3C-7B4EBB9E7F23}.Debug|Any CPU.Build.0 = Debug|Any CPU
		{508621FF-87AC-419E-9A3C-7B4EBB9E7F23}.Release|Any CPU.ActiveCfg = Release|Any CPU
		{508621FF-87AC-419E-9A3C-7B4EBB9E7F23}.Release|Any CPU.Build.0 = Release|Any CPU
	EndGlobalSection
	GlobalSection(SolutionProperties) = preSolution
		HideSolutionNode = FALSE
	EndGlobalSection
	GlobalSection(ExtensibilityGlobals) = postSolution
		SolutionGuid = {0D07F056-C1A7-4043-A681-5F9FC8B21045}
	EndGlobalSection
EndGlobal
