
Microsoft Visual Studio Solution File, Format Version 12.00
# Visual Studio Version 17
VisualStudioVersion = 17.5.002.0
MinimumVisualStudioVersion = 10.0.40219.1
Project("{9A19103F-16F7-4668-BE54-9A1E7A4F7556}") = "Function", "Function.csproj", "{3485680E-F005-4156-B031-836FF9655B26}"
EndProject
Project("{FAE04EC0-301F-11D3-BF4B-00C04F79EFBC}") = "Old method", "..\Old method\Old method.csproj", "{579B68D2-8CD7-421E-87C9-9B576929613A}"
EndProject
Global
	GlobalSection(SolutionConfigurationPlatforms) = preSolution
		Debug|Any CPU = Debug|Any CPU
		Release|Any CPU = Release|Any CPU
	EndGlobalSection
	GlobalSection(ProjectConfigurationPlatforms) = postSolution
		{3485680E-F005-4156-B031-836FF9655B26}.Debug|Any CPU.ActiveCfg = Debug|Any CPU
		{3485680E-F005-4156-B031-836FF9655B26}.Debug|Any CPU.Build.0 = Debug|Any CPU
		{3485680E-F005-4156-B031-836FF9655B26}.Release|Any CPU.ActiveCfg = Release|Any CPU
		{3485680E-F005-4156-B031-836FF9655B26}.Release|Any CPU.Build.0 = Release|Any CPU
		{579B68D2-8CD7-421E-87C9-9B576929613A}.Debug|Any CPU.ActiveCfg = Debug|Any CPU
		{579B68D2-8CD7-421E-87C9-9B576929613A}.Debug|Any CPU.Build.0 = Debug|Any CPU
		{579B68D2-8CD7-421E-87C9-9B576929613A}.Release|Any CPU.ActiveCfg = Release|Any CPU
		{579B68D2-8CD7-421E-87C9-9B576929613A}.Release|Any CPU.Build.0 = Release|Any CPU
	EndGlobalSection
	GlobalSection(SolutionProperties) = preSolution
		HideSolutionNode = FALSE
	EndGlobalSection
	GlobalSection(ExtensibilityGlobals) = postSolution
		SolutionGuid = {DD44723B-543A-4FDB-A2A9-516E54276381}
	EndGlobalSection
EndGlobal
