
Microsoft Visual Studio Solution File, Format Version 12.00
# Visual Studio Version 17
VisualStudioVersion = 17.5.002.0
MinimumVisualStudioVersion = 10.0.40219.1
Project("{9A19103F-16F7-4668-BE54-9A1E7A4F7556}") = "ClassApp", "ClassApp.csproj", "{28B47B59-5D6B-4BC9-A3B0-949B0B1C573E}"
EndProject
Global
	GlobalSection(SolutionConfigurationPlatforms) = preSolution
		Debug|Any CPU = Debug|Any CPU
		Release|Any CPU = Release|Any CPU
	EndGlobalSection
	GlobalSection(ProjectConfigurationPlatforms) = postSolution
		{28B47B59-5D6B-4BC9-A3B0-949B0B1C573E}.Debug|Any CPU.ActiveCfg = Debug|Any CPU
		{28B47B59-5D6B-4BC9-A3B0-949B0B1C573E}.Debug|Any CPU.Build.0 = Debug|Any CPU
		{28B47B59-5D6B-4BC9-A3B0-949B0B1C573E}.Release|Any CPU.ActiveCfg = Release|Any CPU
		{28B47B59-5D6B-4BC9-A3B0-949B0B1C573E}.Release|Any CPU.Build.0 = Release|Any CPU
	EndGlobalSection
	GlobalSection(SolutionProperties) = preSolution
		HideSolutionNode = FALSE
	EndGlobalSection
	GlobalSection(ExtensibilityGlobals) = postSolution
		SolutionGuid = {D01047B1-302C-4E54-88EB-449D34FBAAA2}
	EndGlobalSection
EndGlobal
